
Microsoft Visual Studio Solution File, Format Version 12.00
# Visual Studio Version 17
VisualStudioVersion = 17.14.36401.2 d17.14
MinimumVisualStudioVersion = 10.0.40219.1
Project("{FAE04EC0-301F-11D3-BF4B-00C04F79EFBC}") = "BookStoreAPI", "BookStoreAPI\BookStoreAPI.csproj", "{BD028E06-CD09-49CD-BF1B-7C5D0A87BF92}"
EndProject
Global
	GlobalSection(SolutionConfigurationPlatforms) = preSolution
		Debug|Any CPU = Debug|Any CPU
		Release|Any CPU = Release|Any CPU
	EndGlobalSection
	GlobalSection(ProjectConfigurationPlatforms) = postSolution
		{BD028E06-CD09-49CD-BF1B-7C5D0A87BF92}.Debug|Any CPU.ActiveCfg = Debug|Any CPU
		{BD028E06-CD09-49CD-BF1B-7C5D0A87BF92}.Debug|Any CPU.Build.0 = Debug|Any CPU
		{BD028E06-CD09-49CD-BF1B-7C5D0A87BF92}.Release|Any CPU.ActiveCfg = Release|Any CPU
		{BD028E06-CD09-49CD-BF1B-7C5D0A87BF92}.Release|Any CPU.Build.0 = Release|Any CPU
	EndGlobalSection
	GlobalSection(SolutionProperties) = preSolution
		HideSolutionNode = FALSE
	EndGlobalSection
	GlobalSection(ExtensibilityGlobals) = postSolution
		SolutionGuid = {251C126E-6881-478D-9E50-0D93597F0891}
	EndGlobalSection
EndGlobal
