
Microsoft Visual Studio Solution File, Format Version 12.00
# Visual Studio Version 17
VisualStudioVersion = 17.14.36401.2
MinimumVisualStudioVersion = 10.0.40219.1
Project("{FAE04EC0-301F-11D3-BF4B-00C04F79EFBC}") = "BookStore.Api", "BookStoreAPI\BookStore.Api.csproj", "{BD028E06-CD09-49CD-BF1B-7C5D0A87BF92}"
EndProject
Project("{FAE04EC0-301F-11D3-BF4B-00C04F79EFBC}") = "BookStore.Domain", "BookStore.Domain\BookStore.Domain.csproj", "{B9997A9E-426F-4874-AC36-8C82157E0D70}"
EndProject
Project("{FAE04EC0-301F-11D3-BF4B-00C04F79EFBC}") = "BookStore.Infrastructure", "BookStore.Infrastructure\BookStore.Infrastructure.csproj", "{F5914AC7-3415-4468-8CD6-724B08E54708}"
EndProject
Project("{FAE04EC0-301F-11D3-BF4B-00C04F79EFBC}") = "BookStore.Application", "BookStore.Application\BookStore.Application.csproj", "{087B132B-DE79-4454-9DBF-31C93C8BA766}"
EndProject
Global
	GlobalSection(SolutionConfigurationPlatforms) = preSolution
		Debug|Any CPU = Debug|Any CPU
		Release|Any CPU = Release|Any CPU
	EndGlobalSection
	GlobalSection(ProjectConfigurationPlatforms) = postSolution
		{BD028E06-CD09-49CD-BF1B-7C5D0A87BF92}.Debug|Any CPU.ActiveCfg = Debug|Any CPU
		{BD028E06-CD09-49CD-BF1B-7C5D0A87BF92}.Debug|Any CPU.Build.0 = Debug|Any CPU
		{BD028E06-CD09-49CD-BF1B-7C5D0A87BF92}.Release|Any CPU.ActiveCfg = Release|Any CPU
		{BD028E06-CD09-49CD-BF1B-7C5D0A87BF92}.Release|Any CPU.Build.0 = Release|Any CPU
		{B9997A9E-426F-4874-AC36-8C82157E0D70}.Debug|Any CPU.ActiveCfg = Debug|Any CPU
		{B9997A9E-426F-4874-AC36-8C82157E0D70}.Debug|Any CPU.Build.0 = Debug|Any CPU
		{B9997A9E-426F-4874-AC36-8C82157E0D70}.Release|Any CPU.ActiveCfg = Release|Any CPU
		{B9997A9E-426F-4874-AC36-8C82157E0D70}.Release|Any CPU.Build.0 = Release|Any CPU
		{F5914AC7-3415-4468-8CD6-724B08E54708}.Debug|Any CPU.ActiveCfg = Debug|Any CPU
		{F5914AC7-3415-4468-8CD6-724B08E54708}.Debug|Any CPU.Build.0 = Debug|Any CPU
		{F5914AC7-3415-4468-8CD6-724B08E54708}.Release|Any CPU.ActiveCfg = Release|Any CPU
		{F5914AC7-3415-4468-8CD6-724B08E54708}.Release|Any CPU.Build.0 = Release|Any CPU
		{087B132B-DE79-4454-9DBF-31C93C8BA766}.Debug|Any CPU.ActiveCfg = Debug|Any CPU
		{087B132B-DE79-4454-9DBF-31C93C8BA766}.Debug|Any CPU.Build.0 = Debug|Any CPU
		{087B132B-DE79-4454-9DBF-31C93C8BA766}.Release|Any CPU.ActiveCfg = Release|Any CPU
		{087B132B-DE79-4454-9DBF-31C93C8BA766}.Release|Any CPU.Build.0 = Release|Any CPU
	EndGlobalSection
	GlobalSection(SolutionProperties) = preSolution
		HideSolutionNode = FALSE
	EndGlobalSection
	GlobalSection(ExtensibilityGlobals) = postSolution
		SolutionGuid = {251C126E-6881-478D-9E50-0D93597F0891}
	EndGlobalSection
EndGlobal
